
Microsoft Visual Studio Solution File, Format Version 12.00
# Visual Studio Version 17
VisualStudioVersion = 17.10.35013.160
MinimumVisualStudioVersion = 10.0.40219.1
Project("{FAE04EC0-301F-11D3-BF4B-00C04F79EFBC}") = "MessageHelper.ConsoleApp", "MessageHelper.ConsoleApp\MessageHelper.ConsoleApp.csproj", "{B77655A5-BFF7-47D0-84F7-3E38875C7611}"
EndProject
Project("{FAE04EC0-301F-11D3-BF4B-00C04F79EFBC}") = "MessageHelper.Core", "MessageHelper.Core\MessageHelper.Core.csproj", "{FE8044BC-806E-4D4E-A723-E8D0EC9031E8}"
EndProject
Project("{FAE04EC0-301F-11D3-BF4B-00C04F79EFBC}") = "MessageHelper.Infrastructure", "MessageHelper.Infrastructure\MessageHelper.Infrastructure.csproj", "{77321A8A-DDD4-4E37-ADAB-63EF7C52DE71}"
EndProject
Global
	GlobalSection(SolutionConfigurationPlatforms) = preSolution
		Debug|Any CPU = Debug|Any CPU
		Release|Any CPU = Release|Any CPU
	EndGlobalSection
	GlobalSection(ProjectConfigurationPlatforms) = postSolution
		{B77655A5-BFF7-47D0-84F7-3E38875C7611}.Debug|Any CPU.ActiveCfg = Debug|Any CPU
		{B77655A5-BFF7-47D0-84F7-3E38875C7611}.Debug|Any CPU.Build.0 = Debug|Any CPU
		{B77655A5-BFF7-47D0-84F7-3E38875C7611}.Release|Any CPU.ActiveCfg = Release|Any CPU
		{B77655A5-BFF7-47D0-84F7-3E38875C7611}.Release|Any CPU.Build.0 = Release|Any CPU
		{FE8044BC-806E-4D4E-A723-E8D0EC9031E8}.Debug|Any CPU.ActiveCfg = Debug|Any CPU
		{FE8044BC-806E-4D4E-A723-E8D0EC9031E8}.Debug|Any CPU.Build.0 = Debug|Any CPU
		{FE8044BC-806E-4D4E-A723-E8D0EC9031E8}.Release|Any CPU.ActiveCfg = Release|Any CPU
		{FE8044BC-806E-4D4E-A723-E8D0EC9031E8}.Release|Any CPU.Build.0 = Release|Any CPU
		{77321A8A-DDD4-4E37-ADAB-63EF7C52DE71}.Debug|Any CPU.ActiveCfg = Debug|Any CPU
		{77321A8A-DDD4-4E37-ADAB-63EF7C52DE71}.Debug|Any CPU.Build.0 = Debug|Any CPU
		{77321A8A-DDD4-4E37-ADAB-63EF7C52DE71}.Release|Any CPU.ActiveCfg = Release|Any CPU
		{77321A8A-DDD4-4E37-ADAB-63EF7C52DE71}.Release|Any CPU.Build.0 = Release|Any CPU
	EndGlobalSection
	GlobalSection(SolutionProperties) = preSolution
		HideSolutionNode = FALSE
	EndGlobalSection
	GlobalSection(ExtensibilityGlobals) = postSolution
		SolutionGuid = {A5AFB9F1-7ACA-4EA3-A70C-7232016BC505}
	EndGlobalSection
EndGlobal
